// !$*UTF8*$!
{
	archiveVersion = 1;
	classes = {
	};
	objectVersion = 55;
	objects = {

/* Begin PBXBuildFile section */
		ED1ED2782837D58E00B8B290 /* WeLoveBindingsApp.swift in Sources */ = {isa = PBXBuildFile; fileRef = ED1ED2772837D58E00B8B290 /* WeLoveBindingsApp.swift */; };
		ED1ED27A2837D58E00B8B290 /* ContentView.swift in Sources */ = {isa = PBXBuildFile; fileRef = ED1ED2792837D58E00B8B290 /* ContentView.swift */; };
		ED1ED27C2837D59000B8B290 /* Assets.xcassets in Resources */ = {isa = PBXBuildFile; fileRef = ED1ED27B2837D59000B8B290 /* Assets.xcassets */; };
		ED1ED27F2837D59000B8B290 /* Preview Assets.xcassets in Resources */ = {isa = PBXBuildFile; fileRef = ED1ED27E2837D59000B8B290 /* Preview Assets.xcassets */; };
		ED1ED2872837D5A500B8B290 /* ViewOne.swift in Sources */ = {isa = PBXBuildFile; fileRef = ED1ED2862837D5A500B8B290 /* ViewOne.swift */; };
		ED1ED2892837D5AC00B8B290 /* ViewTwo.swift in Sources */ = {isa = PBXBuildFile; fileRef = ED1ED2882837D5AC00B8B290 /* ViewTwo.swift */; };
		ED1ED28B2837D61900B8B290 /* ViewModelOne.swift in Sources */ = {isa = PBXBuildFile; fileRef = ED1ED28A2837D61900B8B290 /* ViewModelOne.swift */; };
		ED1ED28D2837D62100B8B290 /* ViewModelTwo.swift in Sources */ = {isa = PBXBuildFile; fileRef = ED1ED28C2837D62100B8B290 /* ViewModelTwo.swift */; };
		ED1ED28F2837D62B00B8B290 /* ViewModelBIG.swift in Sources */ = {isa = PBXBuildFile; fileRef = ED1ED28E2837D62B00B8B290 /* ViewModelBIG.swift */; };
		ED1ED2912838151D00B8B290 /* IncrementableProtocol.swift in Sources */ = {isa = PBXBuildFile; fileRef = ED1ED2902838151D00B8B290 /* IncrementableProtocol.swift */; };
		ED1ED2932838159C00B8B290 /* IncrementButtonView.swift in Sources */ = {isa = PBXBuildFile; fileRef = ED1ED2922838159C00B8B290 /* IncrementButtonView.swift */; };
/* End PBXBuildFile section */

/* Begin PBXFileReference section */
		ED1ED2742837D58E00B8B290 /* WeLoveBindings.app */ = {isa = PBXFileReference; explicitFileType = wrapper.application; includeInIndex = 0; path = WeLoveBindings.app; sourceTree = BUILT_PRODUCTS_DIR; };
		ED1ED2772837D58E00B8B290 /* WeLoveBindingsApp.swift */ = {isa = PBXFileReference; lastKnownFileType = sourcecode.swift; path = WeLoveBindingsApp.swift; sourceTree = "<group>"; };
		ED1ED2792837D58E00B8B290 /* ContentView.swift */ = {isa = PBXFileReference; lastKnownFileType = sourcecode.swift; path = ContentView.swift; sourceTree = "<group>"; };
		ED1ED27B2837D59000B8B290 /* Assets.xcassets */ = {isa = PBXFileReference; lastKnownFileType = folder.assetcatalog; path = Assets.xcassets; sourceTree = "<group>"; };
		ED1ED27E2837D59000B8B290 /* Preview Assets.xcassets */ = {isa = PBXFileReference; lastKnownFileType = folder.assetcatalog; path = "Preview Assets.xcassets"; sourceTree = "<group>"; };
		ED1ED2802837D59000B8B290 /* WeLoveBindings.entitlements */ = {isa = PBXFileReference; lastKnownFileType = text.plist.entitlements; path = WeLoveBindings.entitlements; sourceTree = "<group>"; };
		ED1ED2862837D5A500B8B290 /* ViewOne.swift */ = {isa = PBXFileReference; lastKnownFileType = sourcecode.swift; path = ViewOne.swift; sourceTree = "<group>"; };
		ED1ED2882837D5AC00B8B290 /* ViewTwo.swift */ = {isa = PBXFileReference; lastKnownFileType = sourcecode.swift; path = ViewTwo.swift; sourceTree = "<group>"; };
		ED1ED28A2837D61900B8B290 /* ViewModelOne.swift */ = {isa = PBXFileReference; lastKnownFileType = sourcecode.swift; path = ViewModelOne.swift; sourceTree = "<group>"; };
		ED1ED28C2837D62100B8B290 /* ViewModelTwo.swift */ = {isa = PBXFileReference; lastKnownFileType = sourcecode.swift; path = ViewModelTwo.swift; sourceTree = "<group>"; };
		ED1ED28E2837D62B00B8B290 /* ViewModelBIG.swift */ = {isa = PBXFileReference; lastKnownFileType = sourcecode.swift; path = ViewModelBIG.swift; sourceTree = "<group>"; };
		ED1ED2902838151D00B8B290 /* IncrementableProtocol.swift */ = {isa = PBXFileReference; lastKnownFileType = sourcecode.swift; path = IncrementableProtocol.swift; sourceTree = "<group>"; };
		ED1ED2922838159C00B8B290 /* IncrementButtonView.swift */ = {isa = PBXFileReference; lastKnownFileType = sourcecode.swift; path = IncrementButtonView.swift; sourceTree = "<group>"; };
/* End PBXFileReference section */

/* Begin PBXFrameworksBuildPhase section */
		ED1ED2712837D58E00B8B290 /* Frameworks */ = {
			isa = PBXFrameworksBuildPhase;
			buildActionMask = 2147483647;
			files = (
			);
			runOnlyForDeploymentPostprocessing = 0;
		};
/* End PBXFrameworksBuildPhase section */

/* Begin PBXGroup section */
		ED1ED26B2837D58E00B8B290 = {
			isa = PBXGroup;
			children = (
				ED1ED2762837D58E00B8B290 /* WeLoveBindings */,
				ED1ED2752837D58E00B8B290 /* Products */,
			);
			sourceTree = "<group>";
		};
		ED1ED2752837D58E00B8B290 /* Products */ = {
			isa = PBXGroup;
			children = (
				ED1ED2742837D58E00B8B290 /* WeLoveBindings.app */,
			);
			name = Products;
			sourceTree = "<group>";
		};
		ED1ED2762837D58E00B8B290 /* WeLoveBindings */ = {
			isa = PBXGroup;
			children = (
				ED1ED2772837D58E00B8B290 /* WeLoveBindingsApp.swift */,
				ED1ED2922838159C00B8B290 /* IncrementButtonView.swift */,
				ED1ED2792837D58E00B8B290 /* ContentView.swift */,
				ED1ED2862837D5A500B8B290 /* ViewOne.swift */,
				ED1ED2882837D5AC00B8B290 /* ViewTwo.swift */,
				ED1ED27B2837D59000B8B290 /* Assets.xcassets */,
				ED1ED2802837D59000B8B290 /* WeLoveBindings.entitlements */,
				ED1ED27D2837D59000B8B290 /* Preview Content */,
				ED1ED28A2837D61900B8B290 /* ViewModelOne.swift */,
				ED1ED28C2837D62100B8B290 /* ViewModelTwo.swift */,
				ED1ED28E2837D62B00B8B290 /* ViewModelBIG.swift */,
				ED1ED2902838151D00B8B290 /* IncrementableProtocol.swift */,
			);
			path = WeLoveBindings;
			sourceTree = "<group>";
		};
		ED1ED27D2837D59000B8B290 /* Preview Content */ = {
			isa = PBXGroup;
			children = (
				ED1ED27E2837D59000B8B290 /* Preview Assets.xcassets */,
			);
			path = "Preview Content";
			sourceTree = "<group>";
		};
/* End PBXGroup section */

/* Begin PBXNativeTarget section */
		ED1ED2732837D58E00B8B290 /* WeLoveBindings */ = {
			isa = PBXNativeTarget;
			buildConfigurationList = ED1ED2832837D59000B8B290 /* Build configuration list for PBXNativeTarget "WeLoveBindings" */;
			buildPhases = (
				ED1ED2702837D58E00B8B290 /* Sources */,
				ED1ED2712837D58E00B8B290 /* Frameworks */,
				ED1ED2722837D58E00B8B290 /* Resources */,
			);
			buildRules = (
			);
			dependencies = (
			);
			name = WeLoveBindings;
			productName = WeLoveBindings;
			productReference = ED1ED2742837D58E00B8B290 /* WeLoveBindings.app */;
			productType = "com.apple.product-type.application";
		};
/* End PBXNativeTarget section */

/* Begin PBXProject section */
		ED1ED26C2837D58E00B8B290 /* Project object */ = {
			isa = PBXProject;
			attributes = {
				BuildIndependentTargetsInParallel = 1;
				LastSwiftUpdateCheck = 1340;
				LastUpgradeCheck = 1340;
				TargetAttributes = {
					ED1ED2732837D58E00B8B290 = {
						CreatedOnToolsVersion = 13.4;
					};
				};
			};
			buildConfigurationList = ED1ED26F2837D58E00B8B290 /* Build configuration list for PBXProject "WeLoveBindings" */;
			compatibilityVersion = "Xcode 13.0";
			developmentRegion = en;
			hasScannedForEncodings = 0;
			knownRegions = (
				en,
				Base,
			);
			mainGroup = ED1ED26B2837D58E00B8B290;
			productRefGroup = ED1ED2752837D58E00B8B290 /* Products */;
			projectDirPath = "";
			projectRoot = "";
			targets = (
				ED1ED2732837D58E00B8B290 /* WeLoveBindings */,
			);
		};
/* End PBXProject section */

/* Begin PBXResourcesBuildPhase section */
		ED1ED2722837D58E00B8B290 /* Resources */ = {
			isa = PBXResourcesBuildPhase;
			buildActionMask = 2147483647;
			files = (
				ED1ED27F2837D59000B8B290 /* Preview Assets.xcassets in Resources */,
				ED1ED27C2837D59000B8B290 /* Assets.xcassets in Resources */,
			);
			runOnlyForDeploymentPostprocessing = 0;
		};
/* End PBXResourcesBuildPhase section */

/* Begin PBXSourcesBuildPhase section */
		ED1ED2702837D58E00B8B290 /* Sources */ = {
			isa = PBXSourcesBuildPhase;
			buildActionMask = 2147483647;
			files = (
				ED1ED2872837D5A500B8B290 /* ViewOne.swift in Sources */,
				ED1ED2932838159C00B8B290 /* IncrementButtonView.swift in Sources */,
				ED1ED2912838151D00B8B290 /* IncrementableProtocol.swift in Sources */,
				ED1ED28D2837D62100B8B290 /* ViewModelTwo.swift in Sources */,
				ED1ED2892837D5AC00B8B290 /* ViewTwo.swift in Sources */,
				ED1ED28F2837D62B00B8B290 /* ViewModelBIG.swift in Sources */,
				ED1ED27A2837D58E00B8B290 /* ContentView.swift in Sources */,
				ED1ED28B2837D61900B8B290 /* ViewModelOne.swift in Sources */,
				ED1ED2782837D58E00B8B290 /* WeLoveBindingsApp.swift in Sources */,
			);
			runOnlyForDeploymentPostprocessing = 0;
		};
/* End PBXSourcesBuildPhase section */

/* Begin XCBuildConfiguration section */
		ED1ED2812837D59000B8B290 /* Debug */ = {
			isa = XCBuildConfiguration;
			buildSettings = {
				ALWAYS_SEARCH_USER_PATHS = NO;
				CLANG_ANALYZER_NONNULL = YES;
				CLANG_ANALYZER_NUMBER_OBJECT_CONVERSION = YES_AGGRESSIVE;
				CLANG_CXX_LANGUAGE_STANDARD = "gnu++17";
				CLANG_ENABLE_MODULES = YES;
				CLANG_ENABLE_OBJC_ARC = YES;
				CLANG_ENABLE_OBJC_WEAK = YES;
				CLANG_WARN_BLOCK_CAPTURE_AUTORELEASING = YES;
				CLANG_WARN_BOOL_CONVERSION = YES;
				CLANG_WARN_COMMA = YES;
				CLANG_WARN_CONSTANT_CONVERSION = YES;
				CLANG_WARN_DEPRECATED_OBJC_IMPLEMENTATIONS = YES;
				CLANG_WARN_DIRECT_OBJC_ISA_USAGE = YES_ERROR;
				CLANG_WARN_DOCUMENTATION_COMMENTS = YES;
				CLANG_WARN_EMPTY_BODY = YES;
				CLANG_WARN_ENUM_CONVERSION = YES;
				CLANG_WARN_INFINITE_RECURSION = YES;
				CLANG_WARN_INT_CONVERSION = YES;
				CLANG_WARN_NON_LITERAL_NULL_CONVERSION = YES;
				CLANG_WARN_OBJC_IMPLICIT_RETAIN_SELF = YES;
				CLANG_WARN_OBJC_LITERAL_CONVERSION = YES;
				CLANG_WARN_OBJC_ROOT_CLASS = YES_ERROR;
				CLANG_WARN_QUOTED_INCLUDE_IN_FRAMEWORK_HEADER = YES;
				CLANG_WARN_RANGE_LOOP_ANALYSIS = YES;
				CLANG_WARN_STRICT_PROTOTYPES = YES;
				CLANG_WARN_SUSPICIOUS_MOVE = YES;
				CLANG_WARN_UNGUARDED_AVAILABILITY = YES_AGGRESSIVE;
				CLANG_WARN_UNREACHABLE_CODE = YES;
				CLANG_WARN__DUPLICATE_METHOD_MATCH = YES;
				COPY_PHASE_STRIP = NO;
				DEBUG_INFORMATION_FORMAT = dwarf;
				ENABLE_STRICT_OBJC_MSGSEND = YES;
				ENABLE_TESTABILITY = YES;
				GCC_C_LANGUAGE_STANDARD = gnu11;
				GCC_DYNAMIC_NO_PIC = NO;
				GCC_NO_COMMON_BLOCKS = YES;
				GCC_OPTIMIZATION_LEVEL = 0;
				GCC_PREPROCESSOR_DEFINITIONS = (
					"DEBUG=1",
					"$(inherited)",
				);
				GCC_WARN_64_TO_32_BIT_CONVERSION = YES;
				GCC_WARN_ABOUT_RETURN_TYPE = YES_ERROR;
				GCC_WARN_UNDECLARED_SELECTOR = YES;
				GCC_WARN_UNINITIALIZED_AUTOS = YES_AGGRESSIVE;
				GCC_WARN_UNUSED_FUNCTION = YES;
				GCC_WARN_UNUSED_VARIABLE = YES;
				MACOSX_DEPLOYMENT_TARGET = 12.3;
				MTL_ENABLE_DEBUG_INFO = INCLUDE_SOURCE;
				MTL_FAST_MATH = YES;
				ONLY_ACTIVE_ARCH = YES;
				SDKROOT = macosx;
				SWIFT_ACTIVE_COMPILATION_CONDITIONS = DEBUG;
				SWIFT_OPTIMIZATION_LEVEL = "-Onone";
			};
			name = Debug;
		};
		ED1ED2822837D59000B8B290 /* Release */ = {
			isa = XCBuildConfiguration;
			buildSettings = {
				ALWAYS_SEARCH_USER_PATHS = NO;
				CLANG_ANALYZER_NONNULL = YES;
				CLANG_ANALYZER_NUMBER_OBJECT_CONVERSION = YES_AGGRESSIVE;
				CLANG_CXX_LANGUAGE_STANDARD = "gnu++17";
				CLANG_ENABLE_MODULES = YES;
				CLANG_ENABLE_OBJC_ARC = YES;
				CLANG_ENABLE_OBJC_WEAK = YES;
				CLANG_WARN_BLOCK_CAPTURE_AUTORELEASING = YES;
				CLANG_WARN_BOOL_CONVERSION = YES;
				CLANG_WARN_COMMA = YES;
				CLANG_WARN_CONSTANT_CONVERSION = YES;
				CLANG_WARN_DEPRECATED_OBJC_IMPLEMENTATIONS = YES;
				CLANG_WARN_DIRECT_OBJC_ISA_USAGE = YES_ERROR;
				CLANG_WARN_DOCUMENTATION_COMMENTS = YES;
				CLANG_WARN_EMPTY_BODY = YES;
				CLANG_WARN_ENUM_CONVERSION = YES;
				CLANG_WARN_INFINITE_RECURSION = YES;
				CLANG_WARN_INT_CONVERSION = YES;
				CLANG_WARN_NON_LITERAL_NULL_CONVERSION = YES;
				CLANG_WARN_OBJC_IMPLICIT_RETAIN_SELF = YES;
				CLANG_WARN_OBJC_LITERAL_CONVERSION = YES;
				CLANG_WARN_OBJC_ROOT_CLASS = YES_ERROR;
				CLANG_WARN_QUOTED_INCLUDE_IN_FRAMEWORK_HEADER = YES;
				CLANG_WARN_RANGE_LOOP_ANALYSIS = YES;
				CLANG_WARN_STRICT_PROTOTYPES = YES;
				CLANG_WARN_SUSPICIOUS_MOVE = YES;
				CLANG_WARN_UNGUARDED_AVAILABILITY = YES_AGGRESSIVE;
				CLANG_WARN_UNREACHABLE_CODE = YES;
				CLANG_WARN__DUPLICATE_METHOD_MATCH = YES;
				COPY_PHASE_STRIP = NO;
				DEBUG_INFORMATION_FORMAT = "dwarf-with-dsym";
				ENABLE_NS_ASSERTIONS = NO;
				ENABLE_STRICT_OBJC_MSGSEND = YES;
				GCC_C_LANGUAGE_STANDARD = gnu11;
				GCC_NO_COMMON_BLOCKS = YES;
				GCC_WARN_64_TO_32_BIT_CONVERSION = YES;
				GCC_WARN_ABOUT_RETURN_TYPE = YES_ERROR;
				GCC_WARN_UNDECLARED_SELECTOR = YES;
				GCC_WARN_UNINITIALIZED_AUTOS = YES_AGGRESSIVE;
				GCC_WARN_UNUSED_FUNCTION = YES;
				GCC_WARN_UNUSED_VARIABLE = YES;
				MACOSX_DEPLOYMENT_TARGET = 12.3;
				MTL_ENABLE_DEBUG_INFO = NO;
				MTL_FAST_MATH = YES;
				SDKROOT = macosx;
				SWIFT_COMPILATION_MODE = wholemodule;
				SWIFT_OPTIMIZATION_LEVEL = "-O";
			};
			name = Release;
		};
		ED1ED2842837D59000B8B290 /* Debug */ = {
			isa = XCBuildConfiguration;
			buildSettings = {
				ASSETCATALOG_COMPILER_APPICON_NAME = AppIcon;
				ASSETCATALOG_COMPILER_GLOBAL_ACCENT_COLOR_NAME = AccentColor;
				CODE_SIGN_ENTITLEMENTS = WeLoveBindings/WeLoveBindings.entitlements;
				CODE_SIGN_STYLE = Automatic;
				COMBINE_HIDPI_IMAGES = YES;
				CURRENT_PROJECT_VERSION = 1;
				DEVELOPMENT_ASSET_PATHS = "\"WeLoveBindings/Preview Content\"";
				DEVELOPMENT_TEAM = 6KALSAFZJC;
				ENABLE_HARDENED_RUNTIME = YES;
				ENABLE_PREVIEWS = YES;
				GENERATE_INFOPLIST_FILE = YES;
				INFOPLIST_KEY_NSHumanReadableCopyright = "";
				LD_RUNPATH_SEARCH_PATHS = (
					"$(inherited)",
					"@executable_path/../Frameworks",
				);
				MARKETING_VERSION = 1.0;
				PRODUCT_BUNDLE_IDENTIFIER = "com.f-secure.WeLoveBindings";
				PRODUCT_NAME = "$(TARGET_NAME)";
				SWIFT_EMIT_LOC_STRINGS = YES;
				SWIFT_VERSION = 5.0;
			};
			name = Debug;
		};
		ED1ED2852837D59000B8B290 /* Release */ = {
			isa = XCBuildConfiguration;
			buildSettings = {
				ASSETCATALOG_COMPILER_APPICON_NAME = AppIcon;
				ASSETCATALOG_COMPILER_GLOBAL_ACCENT_COLOR_NAME = AccentColor;
				CODE_SIGN_ENTITLEMENTS = WeLoveBindings/WeLoveBindings.entitlements;
				CODE_SIGN_STYLE = Automatic;
				COMBINE_HIDPI_IMAGES = YES;
				CURRENT_PROJECT_VERSION = 1;
				DEVELOPMENT_ASSET_PATHS = "\"WeLoveBindings/Preview Content\"";
				DEVELOPMENT_TEAM = 6KALSAFZJC;
				ENABLE_HARDENED_RUNTIME = YES;
				ENABLE_PREVIEWS = YES;
				GENERATE_INFOPLIST_FILE = YES;
				INFOPLIST_KEY_NSHumanReadableCopyright = "";
				LD_RUNPATH_SEARCH_PATHS = (
					"$(inherited)",
					"@executable_path/../Frameworks",
				);
				MARKETING_VERSION = 1.0;
				PRODUCT_BUNDLE_IDENTIFIER = "com.f-secure.WeLoveBindings";
				PRODUCT_NAME = "$(TARGET_NAME)";
				SWIFT_EMIT_LOC_STRINGS = YES;
				SWIFT_VERSION = 5.0;
			};
			name = Release;
		};
/* End XCBuildConfiguration section */

/* Begin XCConfigurationList section */
		ED1ED26F2837D58E00B8B290 /* Build configuration list for PBXProject "WeLoveBindings" */ = {
			isa = XCConfigurationList;
			buildConfigurations = (
				ED1ED2812837D59000B8B290 /* Debug */,
				ED1ED2822837D59000B8B290 /* Release */,
			);
			defaultConfigurationIsVisible = 0;
			defaultConfigurationName = Release;
		};
		ED1ED2832837D59000B8B290 /* Build configuration list for PBXNativeTarget "WeLoveBindings" */ = {
			isa = XCConfigurationList;
			buildConfigurations = (
				ED1ED2842837D59000B8B290 /* Debug */,
				ED1ED2852837D59000B8B290 /* Release */,
			);
			defaultConfigurationIsVisible = 0;
			defaultConfigurationName = Release;
		};
/* End XCConfigurationList section */
	};
	rootObject = ED1ED26C2837D58E00B8B290 /* Project object */;
}
